hash: 121332ed1ac271aaacdafc4be2f5f769650d9cfe4926e26cd1f69334a2559a56
updated: 2017-10-10T14:16:59.57130898+02:00
imports:
- name: github.com/apache/thrift
  version: 9f9e30b51e3912c0b63258badf5501d3cb2550be
  subpackages:
  - lib/go/thrift
- name: github.com/beorn7/perks
  version: 4c0e84591b9aa9e6dcfdf3e020114cd81f89d5f9
  subpackages:
  - quantile
- name: github.com/bsm/sarama-cluster
  version: c4d3d28d22e7bdea71656725bf5cd1d988454b41
- name: github.com/davecgh/go-spew
  version: ecdeabc65495df2dec95d7c4a4c3e021903035e5
  subpackages:
  - spew
- name: github.com/eapache/go-resiliency
  version: b1fe83b5b03f624450823b751b662259ffc6af70
  subpackages:
  - breaker
- name: github.com/eapache/go-xerial-snappy
  version: bb955e01b9346ac19dc29eb16586c90ded99a98c
- name: github.com/eapache/queue
  version: 44cc805cf13205b55f69e14bcb69867d1ae92f98
- name: github.com/fsnotify/fsnotify
  version: 4da3e2cfbabc9f751898f250b49f2439785783a1
- name: github.com/go-logfmt/logfmt
  version: 390ab7935ee28ec6b286364bba9b4dd6410cb3d5
- name: github.com/gogo/protobuf
  version: 0c5dcd73e6fd1ac6c452a68ec7f8d463d111be66
  subpackages:
  - proto
- name: github.com/golang/protobuf
  version: 130e6b02ab059e7b717a096f397c5b60111cae74
  subpackages:
  - proto
- name: github.com/golang/snappy
  version: 553a641470496b2327abcac10b36396bd98e45c9
- name: github.com/hashicorp/hcl
  version: 42e33e2d55a0ff1d6263f738896ea8c13571a8d0
  subpackages:
  - hcl/ast
  - hcl/parser
  - hcl/scanner
  - hcl/strconv
  - hcl/token
  - json/parser
  - json/scanner
  - json/token
- name: github.com/kr/logfmt
  version: b84e30acd515aadc4b783ad4ff83aff3299bdfe0
- name: github.com/magiconair/properties
  version: 8d7837e64d3c1ee4e54a880c5a920ab4316fc90a
- name: github.com/matttproud/golang_protobuf_extensions
  version: c12348ce28de40eed0136aa2b644d0ee0650e56c
  subpackages:
  - pbutil
- name: github.com/mitchellh/mapstructure
  version: d0303fe809921458f417bcf828397a65db30a7e4
- name: github.com/opentracing-contrib/go-observer
  version: a52f2342449246d5bcc273e65cbdcfa5f7d6c63c
- name: github.com/opentracing/opentracing-go
  version: 1949ddbfd147afd4d964a9f00b24eb291e0e7c38
  subpackages:
  - ext
  - log
- name: github.com/openzipkin/zipkin-go-opentracing
  version: 9c88fa03bfdfaa5fec7cd1b40f3d10ec15c15fc6
  subpackages:
  - flag
  - thrift/gen-go/scribe
  - thrift/gen-go/zipkincore
  - types
  - wire
- name: github.com/pelletier/go-toml
  version: 2009e44b6f182e34d8ce081ac2767622937ea3d4
- name: github.com/pierrec/lz4
  version: 08c27939df1bd95e881e2c2367a749964ad1fceb
- name: github.com/pierrec/xxHash
  version: a0006b13c722f7f12368c00a3d3c2ae8a999a0c6
  subpackages:
  - xxHash32
- name: github.com/pkg/errors
  version: 645ef00459ed84a119197bfb8d8205042c6df63d
- name: github.com/prometheus/client_golang
  version: 967789050ba94deca04a5e84cce8ad472ce313c1
  subpackages:
  - prometheus
  - prometheus/promhttp
- name: github.com/prometheus/client_model
  version: 6f3806018612930941127f2a7c6c453ba2c527d2
  subpackages:
  - go
- name: github.com/prometheus/common
  version: 1bab55dd05dbff384524a6a1c99006d9eb5f139b
  subpackages:
  - expfmt
  - internal/bitbucket.org/ww/goautoneg
  - model
- name: github.com/prometheus/procfs
  version: e645f4e5aaa8506fc71d6edbc5c4ff02c04c46f2
  subpackages:
  - xfs
- name: github.com/rcrowley/go-metrics
  version: 1f30fe9094a513ce4c700b9a54458bbb0c96996c
- name: github.com/ricardo-ch/go-tracing
  version: 8f1c3a62aad71951c16fb3795b821612190f6a42
- name: github.com/Shopify/sarama
  version: 70f6a705d4a17af059acbc6946fb2bd30762acd7
- name: github.com/spf13/afero
  version: e67d870304c4bca21331b02f414f970df13aa694
  subpackages:
  - mem
- name: github.com/spf13/cast
  version: acbeb36b902d72a7a4c18e8f3241075e7ab763e4
- name: github.com/spf13/jwalterweatherman
  version: 12bd96e66386c1960ab0f74ced1362f66f552f7b
- name: github.com/spf13/pflag
  version: a9789e855c7696159b7db0db7f440b449edf2b31
- name: github.com/spf13/viper
  version: 25b30aa063fc18e48662b86996252eabdcf2f0c7
- name: golang.org/x/net
  version: a04bdaca5b32abe1c069418fb7088ae607de5bd0
  subpackages:
  - context
- name: golang.org/x/sys
  version: ebfc5b4631820b793c9010c87fd8fef0f39eb082
  subpackages:
  - unix
- name: golang.org/x/text
  version: 825fc78a2fd6fa0a5447e300189e3219e05e1f25
  subpackages:
  - transform
  - unicode/norm
- name: gopkg.in/yaml.v2
  version: eb3733d160e74a9c7e442f435eb3bea458e1d19f
testImports:
- name: github.com/pmezard/go-difflib
  version: d8ed2627bdf02c080bf22230dbb337003b7aba2d
  subpackages:
  - difflib
- name: github.com/stretchr/objx
  version: cbeaeb16a013161a98496fad62933b1d21786672
- name: github.com/stretchr/testify
  version: 890a5c3458b43e6104ff5da8dfa139d013d77544
  subpackages:
  - assert
  - mock
